
Microsoft Visual Studio Solution File, Format Version 12.00
# Visual Studio Version 16
VisualStudioVersion = 16.0.31321.278
MinimumVisualStudioVersion = 10.0.40219.1
Project("{FAE04EC0-301F-11D3-BF4B-00C04F79EFBC}") = "EthereumTransactionSearch.API", "EthereumTransactionSearch.API\EthereumTransactionSearch.API.csproj", "{CBE98A2C-2BD1-4538-861E-B74D22468F16}"
EndProject
Project("{FAE04EC0-301F-11D3-BF4B-00C04F79EFBC}") = "EthereumTransactionSearch.ApplicationServices", "EthereumTransactionSearch.ApplicationServices\EthereumTransactionSearch.ApplicationServices.csproj", "{591C81AA-9306-47CD-92D0-10B51CD2CC57}"
EndProject
Project("{FAE04EC0-301F-11D3-BF4B-00C04F79EFBC}") = "EthereumTransactionSearch.DataObjects", "EthereumTransactionSearch.DataObjects\EthereumTransactionSearch.DataObjects.csproj", "{32AAC026-0EAC-4308-9C96-A218A5BBB0B7}"
EndProject
Project("{FAE04EC0-301F-11D3-BF4B-00C04F79EFBC}") = "EthereumTransactionSearch.Domain", "EthereumTransactionSearch.Domain\EthereumTransactionSearch.Domain.csproj", "{A2B1EC74-CFAF-4B1B-9621-F1B8033D630C}"
EndProject
Global
	GlobalSection(SolutionConfigurationPlatforms) = preSolution
		Debug|Any CPU = Debug|Any CPU
		Release|Any CPU = Release|Any CPU
	EndGlobalSection
	GlobalSection(ProjectConfigurationPlatforms) = postSolution
		{CBE98A2C-2BD1-4538-861E-B74D22468F16}.Debug|Any CPU.ActiveCfg = Debug|Any CPU
		{CBE98A2C-2BD1-4538-861E-B74D22468F16}.Debug|Any CPU.Build.0 = Debug|Any CPU
		{CBE98A2C-2BD1-4538-861E-B74D22468F16}.Release|Any CPU.ActiveCfg = Release|Any CPU
		{CBE98A2C-2BD1-4538-861E-B74D22468F16}.Release|Any CPU.Build.0 = Release|Any CPU
		{591C81AA-9306-47CD-92D0-10B51CD2CC57}.Debug|Any CPU.ActiveCfg = Debug|Any CPU
		{591C81AA-9306-47CD-92D0-10B51CD2CC57}.Debug|Any CPU.Build.0 = Debug|Any CPU
		{591C81AA-9306-47CD-92D0-10B51CD2CC57}.Release|Any CPU.ActiveCfg = Release|Any CPU
		{591C81AA-9306-47CD-92D0-10B51CD2CC57}.Release|Any CPU.Build.0 = Release|Any CPU
		{32AAC026-0EAC-4308-9C96-A218A5BBB0B7}.Debug|Any CPU.ActiveCfg = Debug|Any CPU
		{32AAC026-0EAC-4308-9C96-A218A5BBB0B7}.Debug|Any CPU.Build.0 = Debug|Any CPU
		{32AAC026-0EAC-4308-9C96-A218A5BBB0B7}.Release|Any CPU.ActiveCfg = Release|Any CPU
		{32AAC026-0EAC-4308-9C96-A218A5BBB0B7}.Release|Any CPU.Build.0 = Release|Any CPU
		{A2B1EC74-CFAF-4B1B-9621-F1B8033D630C}.Debug|Any CPU.ActiveCfg = Debug|Any CPU
		{A2B1EC74-CFAF-4B1B-9621-F1B8033D630C}.Debug|Any CPU.Build.0 = Debug|Any CPU
		{A2B1EC74-CFAF-4B1B-9621-F1B8033D630C}.Release|Any CPU.ActiveCfg = Release|Any CPU
		{A2B1EC74-CFAF-4B1B-9621-F1B8033D630C}.Release|Any CPU.Build.0 = Release|Any CPU
	EndGlobalSection
	GlobalSection(SolutionProperties) = preSolution
		HideSolutionNode = FALSE
	EndGlobalSection
	GlobalSection(ExtensibilityGlobals) = postSolution
		SolutionGuid = {4D0C3C20-26F8-4B1E-B934-711B8583BB9B}
	EndGlobalSection
EndGlobal
